{
  "name": "node-hill-server",
  "version": "1.0.0",
  "lockfileVersion": 2,
  "requires": true,
  "packages": {
    "": {
      "name": "node-hill-server",
      "version": "1.0.0",
      "license": "MIT",
      "dependencies": {
        "node-hill": "^13.2.0",
        "phin": "^3.6.0",
        "serverboy": "^0.0.7"
      }
    },
    "node_modules/acorn": {
      "version": "8.10.0",
      "resolved": "https://registry.npmjs.org/acorn/-/acorn-8.10.0.tgz",
      "integrity": "sha512-F0SAmZ8iUtS//m8DmCTA0jlh6TDKkHQyK6xc6V4KDTyZKA9dnvX9/3sRTVQrWm79glUAZbnmmNcdYwUIHWVybw==",
      "bin": {
        "acorn": "bin/acorn"
      },
      "engines": {
        "node": ">=0.4.0"
      }
    },
    "node_modules/acorn-walk": {
      "version": "8.2.0",
      "resolved": "https://registry.npmjs.org/acorn-walk/-/acorn-walk-8.2.0.tgz",
      "integrity": "sha512-k+iyHEuPgSw6SbuDpGQM+06HQUa04DZ3o+F6CSzXMvvI5KMvnaEqXe+YVe555R9nn6GPt404fos4wcgpw12SDA==",
      "engines": {
        "node": ">=0.4.0"
      }
    },
    "node_modules/balanced-match": {
      "version": "1.0.2",
      "resolved": "https://registry.npmjs.org/balanced-match/-/balanced-match-1.0.2.tgz",
      "integrity": "sha512-3oSeUO0TMV67hN1AmbXsK4yaqU7tjiHlbxRDZOpH0KW9+CeX4bRAaX0Anxt0tx2MrpRpWwQaPwIlISEJhYU5Pw=="
    },
    "node_modules/brace-expansion": {
      "version": "1.1.11",
      "resolved": "https://registry.npmjs.org/brace-expansion/-/brace-expansion-1.1.11.tgz",
      "integrity": "sha512-iCuPHDFgrHX7H2vEI/5xpz07zSHB00TpugqhmYtVmMO6518mCuRMoOYFldEBl0g187ufozdaHgWKcYFb61qGiA==",
      "dependencies": {
        "balanced-match": "^1.0.0",
        "concat-map": "0.0.1"
      }
    },
    "node_modules/centra": {
      "version": "2.5.0",
      "resolved": "https://registry.npmjs.org/centra/-/centra-2.5.0.tgz",
      "integrity": "sha512-CnSF1HD8vOOgNbE4P2fZEhdhfAohvpcF3DSdSvEcSHDAZvr+Xfw73isT8SXJJc3VMBqSwjXhr29/ikHUgFcypg=="
    },
    "node_modules/concat-map": {
      "version": "0.0.1",
      "resolved": "https://registry.npmjs.org/concat-map/-/concat-map-0.0.1.tgz",
      "integrity": "sha1-2Klr13/Wjfd5OnMDajug1UBdR3s="
    },
    "node_modules/fs.realpath": {
      "version": "1.0.0",
      "resolved": "https://registry.npmjs.org/fs.realpath/-/fs.realpath-1.0.0.tgz",
      "integrity": "sha1-FQStJSMVjKpA20onh8sBQRmU6k8="
    },
    "node_modules/glob": {
      "version": "7.2.0",
      "resolved": "https://registry.npmjs.org/glob/-/glob-7.2.0.tgz",
      "integrity": "sha512-lmLf6gtyrPq8tTjSmrO94wBeQbFR3HbLHbuyD69wuyQkImp2hWqMGB47OX65FBkPffO641IP9jWa1z4ivqG26Q==",
      "dependencies": {
        "fs.realpath": "^1.0.0",
        "inflight": "^1.0.4",
        "inherits": "2",
        "minimatch": "^3.0.4",
        "once": "^1.3.0",
        "path-is-absolute": "^1.0.0"
      },
      "engines": {
        "node": "*"
      },
      "funding": {
        "url": "https://github.com/sponsors/isaacs"
      }
    },
    "node_modules/inflight": {
      "version": "1.0.6",
      "resolved": "https://registry.npmjs.org/inflight/-/inflight-1.0.6.tgz",
      "integrity": "sha1-Sb1jMdfQLQwJvJEKEHW6gWW1bfk=",
      "dependencies": {
        "once": "^1.3.0",
        "wrappy": "1"
      }
    },
    "node_modules/inherits": {
      "version": "2.0.4",
      "resolved": "https://registry.npmjs.org/inherits/-/inherits-2.0.4.tgz",
      "integrity": "sha512-k/vGaX4/Yla3WzyMCvTQOXYeIHvqOKtnqBduzTHpzpQZzAskKMhZ2K+EnBiSM9zGSoIFeMpXKxa4dYeZIQqewQ=="
    },
    "node_modules/minimatch": {
      "version": "3.1.2",
      "resolved": "https://registry.npmjs.org/minimatch/-/minimatch-3.1.2.tgz",
      "integrity": "sha512-J7p63hRiAjw1NDEww1W7i37+ByIrOWO5XQQAzZ3VOcL0PNybwpfmV/N05zFAzwQ9USyEcX6t3UO+K5aqBQOIHw==",
      "dependencies": {
        "brace-expansion": "^1.1.7"
      },
      "engines": {
        "node": "*"
      }
    },
    "node_modules/nh-admin": {
      "version": "2.0.0",
      "resolved": "https://registry.npmjs.org/nh-admin/-/nh-admin-2.0.0.tgz",
      "integrity": "sha512-p8prnFaH2f7/MaJsuhrgWlkHMR7zEdOLqqVK92mvVj+sF0GqeQzJj4N5cukswWpOWrWCj+mbj9GME5rnk/8XTw=="
    },
    "node_modules/nh-bundle": {
      "version": "1.4.6",
      "resolved": "https://registry.npmjs.org/nh-bundle/-/nh-bundle-1.4.6.tgz",
      "integrity": "sha512-IkyIlAf0ExPZ+HW0Ko2br+V5ahpo336LSf4/XBK6oqrLjDpLo3Rj39hQevksePBBoio7PaVOuvv1wVRbCxk80A==",
      "dependencies": {
        "glob": "^7.1.7"
      },
      "bin": {
        "nh-bundle": "bin/cli.js"
      }
    },
    "node_modules/node-hill": {
      "version": "13.2.0",
      "resolved": "https://registry.npmjs.org/node-hill/-/node-hill-13.2.0.tgz",
      "integrity": "sha512-Jbv/vYrWXImzRmUlM++w89zJYaglZovyC9HsEwMK7sVfYd6ervx7iksWoHv6ljkEWKcjsxplWEM3/mtVWxIF3g==",
      "dependencies": {
        "glob": "^7.2.0",
        "nh-admin": "^2.0.0",
        "nh-bundle": "^1.4.6",
        "phin": "^3.6.1",
        "serverline": "^1.5.0",
        "smart-buffer": "^4.2.0",
        "vm2": "^3.9.18"
      }
    },
    "node_modules/once": {
      "version": "1.4.0",
      "resolved": "https://registry.npmjs.org/once/-/once-1.4.0.tgz",
      "integrity": "sha1-WDsap3WWHUsROsF9nFC6753Xa9E=",
      "dependencies": {
        "wrappy": "1"
      }
    },
    "node_modules/path-is-absolute": {
      "version": "1.0.1",
      "resolved": "https://registry.npmjs.org/path-is-absolute/-/path-is-absolute-1.0.1.tgz",
      "integrity": "sha1-F0uSaHNVNP+8es5r9TpanhtcX18=",
      "engines": {
        "node": ">=0.10.0"
      }
    },
    "node_modules/phin": {
      "version": "3.6.1",
      "resolved": "https://registry.npmjs.org/phin/-/phin-3.6.1.tgz",
      "integrity": "sha512-ubcFKk2jRr2WUJEh+QpMkCgOQansJDuIShKbsjpejeyI/aOMLrAf0TaisbMjKwTq9CsypFFJqUaN9ZSRmBJLPw==",
      "dependencies": {
        "centra": "^2.4.2"
      },
      "engines": {
        "node": ">= 8"
      }
    },
    "node_modules/serverboy": {
      "version": "0.0.7",
      "resolved": "https://registry.npmjs.org/serverboy/-/serverboy-0.0.7.tgz",
      "integrity": "sha512-Ghisf4cx60q0hmR5LbsNybvWJICGSCyrktTB4v6f6AlmIL/mwAuua6kYMbPc+uowAEyDy7Sn7ZawlF2RjJK1dg=="
    },
    "node_modules/serverline": {
      "version": "1.5.0",
      "resolved": "https://registry.npmjs.org/serverline/-/serverline-1.5.0.tgz",
      "integrity": "sha512-QzNBH8omGchv+L5n/irZEeU2IGK3r8EMRh3EKRIlbfTklf9PtNRiRbWcYr8kqdNeWdc5M5jS13VtspDKgFXFFg==",
      "engines": {
        "node": ">=10.0.0"
      }
    },
    "node_modules/smart-buffer": {
      "version": "4.2.0",
      "resolved": "https://registry.npmjs.org/smart-buffer/-/smart-buffer-4.2.0.tgz",
      "integrity": "sha512-94hK0Hh8rPqQl2xXc3HsaBoOXKV20MToPkcXvwbISWLEs+64sBq5kFgn2kJDHb1Pry9yrP0dxrCI9RRci7RXKg==",
      "engines": {
        "node": ">= 6.0.0",
        "npm": ">= 3.0.0"
      }
    },
    "node_modules/vm2": {
      "version": "3.9.19",
      "resolved": "https://registry.npmjs.org/vm2/-/vm2-3.9.19.tgz",
      "integrity": "sha512-J637XF0DHDMV57R6JyVsTak7nIL8gy5KH4r1HiwWLf/4GBbb5MKL5y7LpmF4A8E2nR6XmzpmMFQ7V7ppPTmUQg==",
      "dependencies": {
        "acorn": "^8.7.0",
        "acorn-walk": "^8.2.0"
      },
      "bin": {
        "vm2": "bin/vm2"
      },
      "engines": {
        "node": ">=6.0"
      }
    },
    "node_modules/wrappy": {
      "version": "1.0.2",
      "resolved": "https://registry.npmjs.org/wrappy/-/wrappy-1.0.2.tgz",
      "integrity": "sha1-tSQ9jz7BqjXxNkYFvA0QNuMKtp8="
    }
  },
  "dependencies": {
    "acorn": {
      "version": "8.10.0",
      "resolved": "https://registry.npmjs.org/acorn/-/acorn-8.10.0.tgz",
      "integrity": "sha512-F0SAmZ8iUtS//m8DmCTA0jlh6TDKkHQyK6xc6V4KDTyZKA9dnvX9/3sRTVQrWm79glUAZbnmmNcdYwUIHWVybw=="
    },
    "acorn-walk": {
      "version": "8.2.0",
      "resolved": "https://registry.npmjs.org/acorn-walk/-/acorn-walk-8.2.0.tgz",
      "integrity": "sha512-k+iyHEuPgSw6SbuDpGQM+06HQUa04DZ3o+F6CSzXMvvI5KMvnaEqXe+YVe555R9nn6GPt404fos4wcgpw12SDA=="
    },
    "balanced-match": {
      "version": "1.0.2",
      "resolved": "https://registry.npmjs.org/balanced-match/-/balanced-match-1.0.2.tgz",
      "integrity": "sha512-3oSeUO0TMV67hN1AmbXsK4yaqU7tjiHlbxRDZOpH0KW9+CeX4bRAaX0Anxt0tx2MrpRpWwQaPwIlISEJhYU5Pw=="
    },
    "brace-expansion": {
      "version": "1.1.11",
      "resolved": "https://registry.npmjs.org/brace-expansion/-/brace-expansion-1.1.11.tgz",
      "integrity": "sha512-iCuPHDFgrHX7H2vEI/5xpz07zSHB00TpugqhmYtVmMO6518mCuRMoOYFldEBl0g187ufozdaHgWKcYFb61qGiA==",
      "requires": {
        "balanced-match": "^1.0.0",
        "concat-map": "0.0.1"
      }
    },
    "centra": {
      "version": "2.5.0",
      "resolved": "https://registry.npmjs.org/centra/-/centra-2.5.0.tgz",
      "integrity": "sha512-CnSF1HD8vOOgNbE4P2fZEhdhfAohvpcF3DSdSvEcSHDAZvr+Xfw73isT8SXJJc3VMBqSwjXhr29/ikHUgFcypg=="
    },
    "concat-map": {
      "version": "0.0.1",
      "resolved": "https://registry.npmjs.org/concat-map/-/concat-map-0.0.1.tgz",
      "integrity": "sha1-2Klr13/Wjfd5OnMDajug1UBdR3s="
    },
    "fs.realpath": {
      "version": "1.0.0",
      "resolved": "https://registry.npmjs.org/fs.realpath/-/fs.realpath-1.0.0.tgz",
      "integrity": "sha1-FQStJSMVjKpA20onh8sBQRmU6k8="
    },
    "glob": {
      "version": "7.2.0",
      "resolved": "https://registry.npmjs.org/glob/-/glob-7.2.0.tgz",
      "integrity": "sha512-lmLf6gtyrPq8tTjSmrO94wBeQbFR3HbLHbuyD69wuyQkImp2hWqMGB47OX65FBkPffO641IP9jWa1z4ivqG26Q==",
      "requires": {
        "fs.realpath": "^1.0.0",
        "inflight": "^1.0.4",
        "inherits": "2",
        "minimatch": "^3.0.4",
        "once": "^1.3.0",
        "path-is-absolute": "^1.0.0"
      }
    },
    "inflight": {
      "version": "1.0.6",
      "resolved": "https://registry.npmjs.org/inflight/-/inflight-1.0.6.tgz",
      "integrity": "sha1-Sb1jMdfQLQwJvJEKEHW6gWW1bfk=",
      "requires": {
        "once": "^1.3.0",
        "wrappy": "1"
      }
    },
    "inherits": {
      "version": "2.0.4",
      "resolved": "https://registry.npmjs.org/inherits/-/inherits-2.0.4.tgz",
      "integrity": "sha512-k/vGaX4/Yla3WzyMCvTQOXYeIHvqOKtnqBduzTHpzpQZzAskKMhZ2K+EnBiSM9zGSoIFeMpXKxa4dYeZIQqewQ=="
    },
    "minimatch": {
      "version": "3.1.2",
      "resolved": "https://registry.npmjs.org/minimatch/-/minimatch-3.1.2.tgz",
      "integrity": "sha512-J7p63hRiAjw1NDEww1W7i37+ByIrOWO5XQQAzZ3VOcL0PNybwpfmV/N05zFAzwQ9USyEcX6t3UO+K5aqBQOIHw==",
      "requires": {
        "brace-expansion": "^1.1.7"
      }
    },
    "nh-admin": {
      "version": "2.0.0",
      "resolved": "https://registry.npmjs.org/nh-admin/-/nh-admin-2.0.0.tgz",
      "integrity": "sha512-p8prnFaH2f7/MaJsuhrgWlkHMR7zEdOLqqVK92mvVj+sF0GqeQzJj4N5cukswWpOWrWCj+mbj9GME5rnk/8XTw=="
    },
    "nh-bundle": {
      "version": "1.4.6",
      "resolved": "https://registry.npmjs.org/nh-bundle/-/nh-bundle-1.4.6.tgz",
      "integrity": "sha512-IkyIlAf0ExPZ+HW0Ko2br+V5ahpo336LSf4/XBK6oqrLjDpLo3Rj39hQevksePBBoio7PaVOuvv1wVRbCxk80A==",
      "requires": {
        "glob": "^7.1.7"
      }
    },
    "node-hill": {
      "version": "13.2.0",
      "resolved": "https://registry.npmjs.org/node-hill/-/node-hill-13.2.0.tgz",
      "integrity": "sha512-Jbv/vYrWXImzRmUlM++w89zJYaglZovyC9HsEwMK7sVfYd6ervx7iksWoHv6ljkEWKcjsxplWEM3/mtVWxIF3g==",
      "requires": {
        "glob": "^7.2.0",
        "nh-admin": "^2.0.0",
        "nh-bundle": "^1.4.6",
        "phin": "^3.6.1",
        "serverline": "^1.5.0",
        "smart-buffer": "^4.2.0",
        "vm2": "^3.9.18"
      }
    },
    "once": {
      "version": "1.4.0",
      "resolved": "https://registry.npmjs.org/once/-/once-1.4.0.tgz",
      "integrity": "sha1-WDsap3WWHUsROsF9nFC6753Xa9E=",
      "requires": {
        "wrappy": "1"
      }
    },
    "path-is-absolute": {
      "version": "1.0.1",
      "resolved": "https://registry.npmjs.org/path-is-absolute/-/path-is-absolute-1.0.1.tgz",
      "integrity": "sha1-F0uSaHNVNP+8es5r9TpanhtcX18="
    },
    "phin": {
      "version": "3.6.1",
      "resolved": "https://registry.npmjs.org/phin/-/phin-3.6.1.tgz",
      "integrity": "sha512-ubcFKk2jRr2WUJEh+QpMkCgOQansJDuIShKbsjpejeyI/aOMLrAf0TaisbMjKwTq9CsypFFJqUaN9ZSRmBJLPw==",
      "requires": {
        "centra": "^2.4.2"
      }
    },
    "serverboy": {
      "version": "0.0.7",
      "resolved": "https://registry.npmjs.org/serverboy/-/serverboy-0.0.7.tgz",
      "integrity": "sha512-Ghisf4cx60q0hmR5LbsNybvWJICGSCyrktTB4v6f6AlmIL/mwAuua6kYMbPc+uowAEyDy7Sn7ZawlF2RjJK1dg=="
    },
    "serverline": {
      "version": "1.5.0",
      "resolved": "https://registry.npmjs.org/serverline/-/serverline-1.5.0.tgz",
      "integrity": "sha512-QzNBH8omGchv+L5n/irZEeU2IGK3r8EMRh3EKRIlbfTklf9PtNRiRbWcYr8kqdNeWdc5M5jS13VtspDKgFXFFg=="
    },
    "smart-buffer": {
      "version": "4.2.0",
      "resolved": "https://registry.npmjs.org/smart-buffer/-/smart-buffer-4.2.0.tgz",
      "integrity": "sha512-94hK0Hh8rPqQl2xXc3HsaBoOXKV20MToPkcXvwbISWLEs+64sBq5kFgn2kJDHb1Pry9yrP0dxrCI9RRci7RXKg=="
    },
    "vm2": {
      "version": "3.9.19",
      "resolved": "https://registry.npmjs.org/vm2/-/vm2-3.9.19.tgz",
      "integrity": "sha512-J637XF0DHDMV57R6JyVsTak7nIL8gy5KH4r1HiwWLf/4GBbb5MKL5y7LpmF4A8E2nR6XmzpmMFQ7V7ppPTmUQg==",
      "requires": {
        "acorn": "^8.7.0",
        "acorn-walk": "^8.2.0"
      }
    },
    "wrappy": {
      "version": "1.0.2",
      "resolved": "https://registry.npmjs.org/wrappy/-/wrappy-1.0.2.tgz",
      "integrity": "sha1-tSQ9jz7BqjXxNkYFvA0QNuMKtp8="
    }
  }
}
